// !$*UTF8*$!
{
	archiveVersion = 1;
	classes = {
	};
	objectVersion = 48;
	objects = {

/* Begin PBXBuildFile section */
		661DE4CC20DB80D3004E8D0A /* FirstViewController.swift in Sources */ = {isa = PBXBuildFile; fileRef = 661DE4CB20DB80D3004E8D0A /* FirstViewController.swift */; };
		661DE4CE20DB80DE004E8D0A /* SecondViewController.swift in Sources */ = {isa = PBXBuildFile; fileRef = 661DE4CD20DB80DE004E8D0A /* SecondViewController.swift */; };
		661DE4D020DB80EC004E8D0A /* ThirdViewController.swift in Sources */ = {isa = PBXBuildFile; fileRef = 661DE4CF20DB80EC004E8D0A /* ThirdViewController.swift */; };
		6672617B20D13C3F000234E8 /* AppDelegate.swift in Sources */ = {isa = PBXBuildFile; fileRef = 6672617A20D13C3F000234E8 /* AppDelegate.swift */; };
		6672617D20D13C3F000234E8 /* ViewController.swift in Sources */ = {isa = PBXBuildFile; fileRef = 6672617C20D13C3F000234E8 /* ViewController.swift */; };
		6672618020D13C3F000234E8 /* Main.storyboard in Resources */ = {isa = PBXBuildFile; fileRef = 6672617E20D13C3F000234E8 /* Main.storyboard */; };
		6672618220D13C3F000234E8 /* Assets.xcassets in Resources */ = {isa = PBXBuildFile; fileRef = 6672618120D13C3F000234E8 /* Assets.xcassets */; };
		6672618520D13C3F000234E8 /* LaunchScreen.storyboard in Resources */ = {isa = PBXBuildFile; fileRef = 6672618320D13C3F000234E8 /* LaunchScreen.storyboard */; };
/* End PBXBuildFile section */

/* Begin PBXFileReference section */
		661DE4CB20DB80D3004E8D0A /* FirstViewController.swift */ = {isa = PBXFileReference; lastKnownFileType = sourcecode.swift; path = FirstViewController.swift; sourceTree = "<group>"; };
		661DE4CD20DB80DE004E8D0A /* SecondViewController.swift */ = {isa = PBXFileReference; lastKnownFileType = sourcecode.swift; path = SecondViewController.swift; sourceTree = "<group>"; };
		661DE4CF20DB80EC004E8D0A /* ThirdViewController.swift */ = {isa = PBXFileReference; lastKnownFileType = sourcecode.swift; path = ThirdViewController.swift; sourceTree = "<group>"; };
		6672617720D13C3F000234E8 /* Lynda tutorials.app */ = {isa = PBXFileReference; explicitFileType = wrapper.application; includeInIndex = 0; path = "Lynda tutorials.app"; sourceTree = BUILT_PRODUCTS_DIR; };
		6672617A20D13C3F000234E8 /* AppDelegate.swift */ = {isa = PBXFileReference; lastKnownFileType = sourcecode.swift; path = AppDelegate.swift; sourceTree = "<group>"; };
		6672617C20D13C3F000234E8 /* ViewController.swift */ = {isa = PBXFileReference; lastKnownFileType = sourcecode.swift; path = ViewController.swift; sourceTree = "<group>"; };
		6672617F20D13C3F000234E8 /* Base */ = {isa = PBXFileReference; lastKnownFileType = file.storyboard; name = Base; path = Base.lproj/Main.storyboard; sourceTree = "<group>"; };
		6672618120D13C3F000234E8 /* Assets.xcassets */ = {isa = PBXFileReference; lastKnownFileType = folder.assetcatalog; path = Assets.xcassets; sourceTree = "<group>"; };
		6672618420D13C3F000234E8 /* Base */ = {isa = PBXFileReference; lastKnownFileType = file.storyboard; name = Base; path = Base.lproj/LaunchScreen.storyboard; sourceTree = "<group>"; };
		6672618620D13C3F000234E8 /* Info.plist */ = {isa = PBXFileReference; lastKnownFileType = text.plist.xml; path = Info.plist; sourceTree = "<group>"; };
/* End PBXFileReference section */

/* Begin PBXFrameworksBuildPhase section */
		6672617420D13C3F000234E8 /* Frameworks */ = {
			isa = PBXFrameworksBuildPhase;
			buildActionMask = 2147483647;
			files = (
			);
			runOnlyForDeploymentPostprocessing = 0;
		};
/* End PBXFrameworksBuildPhase section */

/* Begin PBXGroup section */
		661DE4C620DB7AD0004E8D0A /* ViewControllers */ = {
			isa = PBXGroup;
			children = (
				661DE4CB20DB80D3004E8D0A /* FirstViewController.swift */,
				661DE4CD20DB80DE004E8D0A /* SecondViewController.swift */,
				661DE4CF20DB80EC004E8D0A /* ThirdViewController.swift */,
			);
			path = ViewControllers;
			sourceTree = "<group>";
		};
		6672616E20D13C3F000234E8 = {
			isa = PBXGroup;
			children = (
				6672617920D13C3F000234E8 /* Lynda tutorials */,
				6672617820D13C3F000234E8 /* Products */,
			);
			sourceTree = "<group>";
		};
		6672617820D13C3F000234E8 /* Products */ = {
			isa = PBXGroup;
			children = (
				6672617720D13C3F000234E8 /* Lynda tutorials.app */,
			);
			name = Products;
			sourceTree = "<group>";
		};
		6672617920D13C3F000234E8 /* Lynda tutorials */ = {
			isa = PBXGroup;
			children = (
				661DE4C620DB7AD0004E8D0A /* ViewControllers */,
				6672617A20D13C3F000234E8 /* AppDelegate.swift */,
				6672617C20D13C3F000234E8 /* ViewController.swift */,
				6672617E20D13C3F000234E8 /* Main.storyboard */,
				6672618120D13C3F000234E8 /* Assets.xcassets */,
				6672618320D13C3F000234E8 /* LaunchScreen.storyboard */,
				6672618620D13C3F000234E8 /* Info.plist */,
			);
			path = "Lynda tutorials";
			sourceTree = "<group>";
		};
/* End PBXGroup section */

/* Begin PBXNativeTarget section */
		6672617620D13C3F000234E8 /* Lynda tutorials */ = {
			isa = PBXNativeTarget;
			buildConfigurationList = 6672618920D13C3F000234E8 /* Build configuration list for PBXNativeTarget "Lynda tutorials" */;
			buildPhases = (
				6672617320D13C3F000234E8 /* Sources */,
				6672617420D13C3F000234E8 /* Frameworks */,
				6672617520D13C3F000234E8 /* Resources */,
			);
			buildRules = (
			);
			dependencies = (
			);
			name = "Lynda tutorials";
			productName = "Lynda tutorials";
			productReference = 6672617720D13C3F000234E8 /* Lynda tutorials.app */;
			productType = "com.apple.product-type.application";
		};
/* End PBXNativeTarget section */

/* Begin PBXProject section */
		6672616F20D13C3F000234E8 /* Project object */ = {
			isa = PBXProject;
			attributes = {
				LastSwiftUpdateCheck = 0920;
				LastUpgradeCheck = 0920;
				ORGANIZATIONNAME = "Gayan Denaindra Perera";
				TargetAttributes = {
					6672617620D13C3F000234E8 = {
						CreatedOnToolsVersion = 9.2;
						ProvisioningStyle = Automatic;
					};
				};
			};
			buildConfigurationList = 6672617220D13C3F000234E8 /* Build configuration list for PBXProject "Lynda tutorials" */;
			compatibilityVersion = "Xcode 8.0";
			developmentRegion = en;
			hasScannedForEncodings = 0;
			knownRegions = (
				en,
				Base,
			);
			mainGroup = 6672616E20D13C3F000234E8;
			productRefGroup = 6672617820D13C3F000234E8 /* Products */;
			projectDirPath = "";
			projectRoot = "";
			targets = (
				6672617620D13C3F000234E8 /* Lynda tutorials */,
			);
		};
/* End PBXProject section */

/* Begin PBXResourcesBuildPhase section */
		6672617520D13C3F000234E8 /* Resources */ = {
			isa = PBXResourcesBuildPhase;
			buildActionMask = 2147483647;
			files = (
				6672618520D13C3F000234E8 /* LaunchScreen.storyboard in Resources */,
				6672618220D13C3F000234E8 /* Assets.xcassets in Resources */,
				6672618020D13C3F000234E8 /* Main.storyboard in Resources */,
			);
			runOnlyForDeploymentPostprocessing = 0;
		};
/* End PBXResourcesBuildPhase section */

/* Begin PBXSourcesBuildPhase section */
		6672617320D13C3F000234E8 /* Sources */ = {
			isa = PBXSourcesBuildPhase;
			buildActionMask = 2147483647;
			files = (
				661DE4CE20DB80DE004E8D0A /* SecondViewController.swift in Sources */,
				661DE4CC20DB80D3004E8D0A /* FirstViewController.swift in Sources */,
				661DE4D020DB80EC004E8D0A /* ThirdViewController.swift in Sources */,
				6672617D20D13C3F000234E8 /* ViewController.swift in Sources */,
				6672617B20D13C3F000234E8 /* AppDelegate.swift in Sources */,
			);
			runOnlyForDeploymentPostprocessing = 0;
		};
/* End PBXSourcesBuildPhase section */

/* Begin PBXVariantGroup section */
		6672617E20D13C3F000234E8 /* Main.storyboard */ = {
			isa = PBXVariantGroup;
			children = (
				6672617F20D13C3F000234E8 /* Base */,
			);
			name = Main.storyboard;
			sourceTree = "<group>";
		};
		6672618320D13C3F000234E8 /* LaunchScreen.storyboard */ = {
			isa = PBXVariantGroup;
			children = (
				6672618420D13C3F000234E8 /* Base */,
			);
			name = LaunchScreen.storyboard;
			sourceTree = "<group>";
		};
/* End PBXVariantGroup section */

/* Begin XCBuildConfiguration section */
		6672618720D13C3F000234E8 /* Debug */ = {
			isa = XCBuildConfiguration;
			buildSettings = {
				ALWAYS_SEARCH_USER_PATHS = NO;
				CLANG_ANALYZER_NONNULL = YES;
				CLANG_ANALYZER_NUMBER_OBJECT_CONVERSION = YES_AGGRESSIVE;
				CLANG_CXX_LANGUAGE_STANDARD = "gnu++14";
				CLANG_CXX_LIBRARY = "libc++";
				CLANG_ENABLE_MODULES = YES;
				CLANG_ENABLE_OBJC_ARC = YES;
				CLANG_WARN_BLOCK_CAPTURE_AUTORELEASING = YES;
				CLANG_WARN_BOOL_CONVERSION = YES;
				CLANG_WARN_COMMA = YES;
				CLANG_WARN_CONSTANT_CONVERSION = YES;
				CLANG_WARN_DIRECT_OBJC_ISA_USAGE = YES_ERROR;
				CLANG_WARN_DOCUMENTATION_COMMENTS = YES;
				CLANG_WARN_EMPTY_BODY = YES;
				CLANG_WARN_ENUM_CONVERSION = YES;
				CLANG_WARN_INFINITE_RECURSION = YES;
				CLANG_WARN_INT_CONVERSION = YES;
				CLANG_WARN_NON_LITERAL_NULL_CONVERSION = YES;
				CLANG_WARN_OBJC_LITERAL_CONVERSION = YES;
				CLANG_WARN_OBJC_ROOT_CLASS = YES_ERROR;
				CLANG_WARN_RANGE_LOOP_ANALYSIS = YES;
				CLANG_WARN_STRICT_PROTOTYPES = YES;
				CLANG_WARN_SUSPICIOUS_MOVE = YES;
				CLANG_WARN_UNGUARDED_AVAILABILITY = YES_AGGRESSIVE;
				CLANG_WARN_UNREACHABLE_CODE = YES;
				CLANG_WARN__DUPLICATE_METHOD_MATCH = YES;
				CODE_SIGN_IDENTITY = "iPhone Developer";
				COPY_PHASE_STRIP = NO;
				DEBUG_INFORMATION_FORMAT = dwarf;
				ENABLE_STRICT_OBJC_MSGSEND = YES;
				ENABLE_TESTABILITY = YES;
				GCC_C_LANGUAGE_STANDARD = gnu11;
				GCC_DYNAMIC_NO_PIC = NO;
				GCC_NO_COMMON_BLOCKS = YES;
				GCC_OPTIMIZATION_LEVEL = 0;
				GCC_PREPROCESSOR_DEFINITIONS = (
					"DEBUG=1",
					"$(inherited)",
				);
				GCC_WARN_64_TO_32_BIT_CONVERSION = YES;
				GCC_WARN_ABOUT_RETURN_TYPE = YES_ERROR;
				GCC_WARN_UNDECLARED_SELECTOR = YES;
				GCC_WARN_UNINITIALIZED_AUTOS = YES_AGGRESSIVE;
				GCC_WARN_UNUSED_FUNCTION = YES;
				GCC_WARN_UNUSED_VARIABLE = YES;
				IPHONEOS_DEPLOYMENT_TARGET = 11.2;
				MTL_ENABLE_DEBUG_INFO = YES;
				ONLY_ACTIVE_ARCH = YES;
				SDKROOT = iphoneos;
				SWIFT_ACTIVE_COMPILATION_CONDITIONS = DEBUG;
				SWIFT_OPTIMIZATION_LEVEL = "-Onone";
			};
			name = Debug;
		};
		6672618820D13C3F000234E8 /* Release */ = {
			isa = XCBuildConfiguration;
			buildSettings = {
				ALWAYS_SEARCH_USER_PATHS = NO;
				CLANG_ANALYZER_NONNULL = YES;
				CLANG_ANALYZER_NUMBER_OBJECT_CONVERSION = YES_AGGRESSIVE;
				CLANG_CXX_LANGUAGE_STANDARD = "gnu++14";
				CLANG_CXX_LIBRARY = "libc++";
				CLANG_ENABLE_MODULES = YES;
				CLANG_ENABLE_OBJC_ARC = YES;
				CLANG_WARN_BLOCK_CAPTURE_AUTORELEASING = YES;
				CLANG_WARN_BOOL_CONVERSION = YES;
				CLANG_WARN_COMMA = YES;
				CLANG_WARN_CONSTANT_CONVERSION = YES;
				CLANG_WARN_DIRECT_OBJC_ISA_USAGE = YES_ERROR;
				CLANG_WARN_DOCUMENTATION_COMMENTS = YES;
				CLANG_WARN_EMPTY_BODY = YES;
				CLANG_WARN_ENUM_CONVERSION = YES;
				CLANG_WARN_INFINITE_RECURSION = YES;
				CLANG_WARN_INT_CONVERSION = YES;
				CLANG_WARN_NON_LITERAL_NULL_CONVERSION = YES;
				CLANG_WARN_OBJC_LITERAL_CONVERSION = YES;
				CLANG_WARN_OBJC_ROOT_CLASS = YES_ERROR;
				CLANG_WARN_RANGE_LOOP_ANALYSIS = YES;
				CLANG_WARN_STRICT_PROTOTYPES = YES;
				CLANG_WARN_SUSPICIOUS_MOVE = YES;
				CLANG_WARN_UNGUARDED_AVAILABILITY = YES_AGGRESSIVE;
				CLANG_WARN_UNREACHABLE_CODE = YES;
				CLANG_WARN__DUPLICATE_METHOD_MATCH = YES;
				CODE_SIGN_IDENTITY = "iPhone Developer";
				COPY_PHASE_STRIP = NO;
				DEBUG_INFORMATION_FORMAT = "dwarf-with-dsym";
				ENABLE_NS_ASSERTIONS = NO;
				ENABLE_STRICT_OBJC_MSGSEND = YES;
				GCC_C_LANGUAGE_STANDARD = gnu11;
				GCC_NO_COMMON_BLOCKS = YES;
				GCC_WARN_64_TO_32_BIT_CONVERSION = YES;
				GCC_WARN_ABOUT_RETURN_TYPE = YES_ERROR;
				GCC_WARN_UNDECLARED_SELECTOR = YES;
				GCC_WARN_UNINITIALIZED_AUTOS = YES_AGGRESSIVE;
				GCC_WARN_UNUSED_FUNCTION = YES;
				GCC_WARN_UNUSED_VARIABLE = YES;
				IPHONEOS_DEPLOYMENT_TARGET = 11.2;
				MTL_ENABLE_DEBUG_INFO = NO;
				SDKROOT = iphoneos;
				SWIFT_OPTIMIZATION_LEVEL = "-Owholemodule";
				VALIDATE_PRODUCT = YES;
			};
			name = Release;
		};
		6672618A20D13C3F000234E8 /* Debug */ = {
			isa = XCBuildConfiguration;
			buildSettings = {
				ASSETCATALOG_COMPILER_APPICON_NAME = AppIcon;
				CODE_SIGN_STYLE = Automatic;
				INFOPLIST_FILE = "Lynda tutorials/Info.plist";
				LD_RUNPATH_SEARCH_PATHS = "$(inherited) @executable_path/Frameworks";
				PRODUCT_BUNDLE_IDENTIFIER = "com.pw.travelExpense.Lynda-tutorials";
				PRODUCT_NAME = "$(TARGET_NAME)";
				SWIFT_VERSION = 4.0;
				TARGETED_DEVICE_FAMILY = "1,2";
			};
			name = Debug;
		};
		6672618B20D13C3F000234E8 /* Release */ = {
			isa = XCBuildConfiguration;
			buildSettings = {
				ASSETCATALOG_COMPILER_APPICON_NAME = AppIcon;
				CODE_SIGN_STYLE = Automatic;
				INFOPLIST_FILE = "Lynda tutorials/Info.plist";
				LD_RUNPATH_SEARCH_PATHS = "$(inherited) @executable_path/Frameworks";
				PRODUCT_BUNDLE_IDENTIFIER = "com.pw.travelExpense.Lynda-tutorials";
				PRODUCT_NAME = "$(TARGET_NAME)";
				SWIFT_VERSION = 4.0;
				TARGETED_DEVICE_FAMILY = "1,2";
			};
			name = Release;
		};
/* End XCBuildConfiguration section */

/* Begin XCConfigurationList section */
		6672617220D13C3F000234E8 /* Build configuration list for PBXProject "Lynda tutorials" */ = {
			isa = XCConfigurationList;
			buildConfigurations = (
				6672618720D13C3F000234E8 /* Debug */,
				6672618820D13C3F000234E8 /* Release */,
			);
			defaultConfigurationIsVisible = 0;
			defaultConfigurationName = Release;
		};
		6672618920D13C3F000234E8 /* Build configuration list for PBXNativeTarget "Lynda tutorials" */ = {
			isa = XCConfigurationList;
			buildConfigurations = (
				6672618A20D13C3F000234E8 /* Debug */,
				6672618B20D13C3F000234E8 /* Release */,
			);
			defaultConfigurationIsVisible = 0;
			defaultConfigurationName = Release;
		};
/* End XCConfigurationList section */
	};
	rootObject = 6672616F20D13C3F000234E8 /* Project object */;
}
